{
  "name": "premier-league-betting-analysis",
  "version": "1.0.0",
  "lockfileVersion": 3,
  "requires": true,
  "packages": {
    "": {
      "name": "premier-league-betting-analysis",
      "version": "1.0.0",
      "dependencies": {
        "axios": "^1.5.0",
        "puppeteer": "^21.0.0"
      }
    },
    "node_modules/axios": {
      "version": "1.5.0",
      "resolved": "https://registry.npmjs.org/axios/-/axios-1.5.0.tgz",
      "integrity": "sha512-efC9xOPXQ1MlP9EjGZdcjvAbsyEwl3+81drR6h0s7rKOHBoUtWzUsMxEj8Mp4EWdGxxICc9bV5LZme1gJO86JQ==",
      "funding": {
        "type": "individual",
        "url": "https://github.com/sponsors/axios"
      },
      "engines": {
        "node": ">=0.8"
      }
    },
    "node_modules/puppeteer": {
      "version": "21.0.0",
      "resolved": "https://registry.npmjs.org/puppeteer/-/puppeteer-21.0.0.tgz",
      "integrity": "sha512-VlRsy34IdjXqGbt8gJ5ZgQGuBvZQ1y6+Xx44I6jlDURF+8v3wpAUpAkGjPsvVdkaAhquHSPWSRbLm0yexXHMyA==",
      "dependencies": {
        "debug": "^4.3.4",
        "extract-zip": "^2.0.1",
        "mime": "^3.0.0",
        "progress": "^2.0.3",
        "rimraf": "^5.0.1",
        "ws": "^8.13.0"
      },
      "funding": [
        {
          "type": "individual",
          "url": "https://opencollective.com/puppeteer"
        }
      ]
    }
  },
  "dependencies": {
    "axios": {
      "version": "1.5.0",
      "resolved": "https://registry.npmjs.org/axios/-/axios-1.5.0.tgz",
      "integrity": "sha512-efC9xOPXQ1MlP9EjGZdcjvAbsyEwl3+81drR6h0s7rKOHBoUtWzUsMxEj8Mp4EWdGxxICc9bV5LZme1gJO86JQ==",
      "funding": {
        "type": "individual",
        "url": "https://github.com/sponsors/axios"
      },
      "engines": {
        "node": ">=0.8"
      }
    },
    "puppeteer": {
      "version": "21.0.0",
      "resolved": "https://registry.npmjs.org/puppeteer/-/puppeteer-21.0.0.tgz",
      "integrity": "sha512-VlRsy34IdjXqGbt8gJ5ZgQGuBvZQ1y6+Xx44I6jlDURF+8v3wpAUpAkGjPsvVdkaAhquHSPWSRbLm0yexXHMyA==",
      "dependencies": {
        "debug": "^4.3.4",
        "extract-zip": "^2.0.1",
        "mime": "^3.0.0",
        "progress": "^2.0.3",
        "rimraf": "^5.0.1",
        "ws": "^8.13.0"
      },
      "funding": [
        {
          "type": "individual",
          "url": "https://opencollective.com/puppeteer"
        }
      ]
    }
  }
}
